// !$*UTF8*$!
{
	archiveVersion = 1;
	classes = {
	};
	objectVersion = 50;
	objects = {

/* Begin PBXBuildFile section */
		6183DABA253A7B5D0011A717 /* AVFoundation.framework in Frameworks */ = {isa = PBXBuildFile; fileRef = 6183DAB9253A7B5D0011A717 /* AVFoundation.framework */; };
		6183DABC253A7BA00011A717 /* criticalmiss.mp3 in Resources */ = {isa = PBXBuildFile; fileRef = 6183DABB253A7BA00011A717 /* criticalmiss.mp3 */; };
		6183DAC1253A7BC80011A717 /* criticalhit.mp3 in Resources */ = {isa = PBXBuildFile; fileRef = 6183DAC0253A7BC80011A717 /* criticalhit.mp3 */; };
		6183DAC4253A7BDB0011A717 /* diceroll.wav in Resources */ = {isa = PBXBuildFile; fileRef = 6183DAC3253A7BDB0011A717 /* diceroll.wav */; };
		61AE19322535E9BC0066257B /* AppDelegate.swift in Sources */ = {isa = PBXBuildFile; fileRef = 61AE19312535E9BC0066257B /* AppDelegate.swift */; };
		61AE19342535E9BC0066257B /* SceneDelegate.swift in Sources */ = {isa = PBXBuildFile; fileRef = 61AE19332535E9BC0066257B /* SceneDelegate.swift */; };
		61AE19362535E9BC0066257B /* ViewController.swift in Sources */ = {isa = PBXBuildFile; fileRef = 61AE19352535E9BC0066257B /* ViewController.swift */; };
		61AE19392535E9BC0066257B /* Main.storyboard in Resources */ = {isa = PBXBuildFile; fileRef = 61AE19372535E9BC0066257B /* Main.storyboard */; };
		61AE193B2535E9BD0066257B /* Assets.xcassets in Resources */ = {isa = PBXBuildFile; fileRef = 61AE193A2535E9BD0066257B /* Assets.xcassets */; };
		61AE193E2535E9BD0066257B /* LaunchScreen.storyboard in Resources */ = {isa = PBXBuildFile; fileRef = 61AE193C2535E9BD0066257B /* LaunchScreen.storyboard */; };
/* End PBXBuildFile section */

/* Begin PBXFileReference section */
		6183DAB9253A7B5D0011A717 /* AVFoundation.framework */ = {isa = PBXFileReference; lastKnownFileType = wrapper.framework; name = AVFoundation.framework; path = System/Library/Frameworks/AVFoundation.framework; sourceTree = SDKROOT; };
		6183DABB253A7BA00011A717 /* criticalmiss.mp3 */ = {isa = PBXFileReference; lastKnownFileType = audio.mp3; name = criticalmiss.mp3; path = ../../../../.Trash/criticalmiss.mp3; sourceTree = "<group>"; };
		6183DABF253A7BB70011A717 /* criticalmiss.mp3 */ = {isa = PBXFileReference; lastKnownFileType = audio.mp3; path = criticalmiss.mp3; sourceTree = "<group>"; };
		6183DAC0253A7BC80011A717 /* criticalhit.mp3 */ = {isa = PBXFileReference; lastKnownFileType = audio.mp3; name = criticalhit.mp3; path = ../../../../../.Trash/criticalhit.mp3; sourceTree = "<group>"; };
		6183DAC3253A7BDB0011A717 /* diceroll.wav */ = {isa = PBXFileReference; lastKnownFileType = audio.wav; name = diceroll.wav; path = ../../../../../Downloads/diceroll.wav; sourceTree = "<group>"; };
		61AE192E2535E9BC0066257B /* Swifty Dice.app */ = {isa = PBXFileReference; explicitFileType = wrapper.application; includeInIndex = 0; path = "Swifty Dice.app"; sourceTree = BUILT_PRODUCTS_DIR; };
		61AE19312535E9BC0066257B /* AppDelegate.swift */ = {isa = PBXFileReference; lastKnownFileType = sourcecode.swift; path = AppDelegate.swift; sourceTree = "<group>"; };
		61AE19332535E9BC0066257B /* SceneDelegate.swift */ = {isa = PBXFileReference; lastKnownFileType = sourcecode.swift; path = SceneDelegate.swift; sourceTree = "<group>"; };
		61AE19352535E9BC0066257B /* ViewController.swift */ = {isa = PBXFileReference; lastKnownFileType = sourcecode.swift; path = ViewController.swift; sourceTree = "<group>"; };
		61AE19382535E9BC0066257B /* Base */ = {isa = PBXFileReference; lastKnownFileType = file.storyboard; name = Base; path = Base.lproj/Main.storyboard; sourceTree = "<group>"; };
		61AE193A2535E9BD0066257B /* Assets.xcassets */ = {isa = PBXFileReference; lastKnownFileType = folder.assetcatalog; path = Assets.xcassets; sourceTree = "<group>"; };
		61AE193D2535E9BD0066257B /* Base */ = {isa = PBXFileReference; lastKnownFileType = file.storyboard; name = Base; path = Base.lproj/LaunchScreen.storyboard; sourceTree = "<group>"; };
		61AE193F2535E9BD0066257B /* Info.plist */ = {isa = PBXFileReference; lastKnownFileType = text.plist.xml; path = Info.plist; sourceTree = "<group>"; };
/* End PBXFileReference section */

/* Begin PBXFrameworksBuildPhase section */
		61AE192B2535E9BC0066257B /* Frameworks */ = {
			isa = PBXFrameworksBuildPhase;
			buildActionMask = 2147483647;
			files = (
				6183DABA253A7B5D0011A717 /* AVFoundation.framework in Frameworks */,
			);
			runOnlyForDeploymentPostprocessing = 0;
		};
/* End PBXFrameworksBuildPhase section */

/* Begin PBXGroup section */
		6183DAB8253A7B5D0011A717 /* Frameworks */ = {
			isa = PBXGroup;
			children = (
				6183DAB9253A7B5D0011A717 /* AVFoundation.framework */,
			);
			name = Frameworks;
			sourceTree = "<group>";
		};
		6183DABE253A7BB10011A717 /* Sounds */ = {
			isa = PBXGroup;
			children = (
				6183DAC3253A7BDB0011A717 /* diceroll.wav */,
				6183DAC0253A7BC80011A717 /* criticalhit.mp3 */,
				6183DABF253A7BB70011A717 /* criticalmiss.mp3 */,
			);
			path = Sounds;
			sourceTree = "<group>";
		};
		61AE19252535E9BC0066257B = {
			isa = PBXGroup;
			children = (
				61AE19302535E9BC0066257B /* Swifty Dice */,
				61AE192F2535E9BC0066257B /* Products */,
				6183DAB8253A7B5D0011A717 /* Frameworks */,
			);
			sourceTree = "<group>";
		};
		61AE192F2535E9BC0066257B /* Products */ = {
			isa = PBXGroup;
			children = (
				61AE192E2535E9BC0066257B /* Swifty Dice.app */,
			);
			name = Products;
			sourceTree = "<group>";
		};
		61AE19302535E9BC0066257B /* Swifty Dice */ = {
			isa = PBXGroup;
			children = (
				6183DABB253A7BA00011A717 /* criticalmiss.mp3 */,
				61AE19312535E9BC0066257B /* AppDelegate.swift */,
				61AE19332535E9BC0066257B /* SceneDelegate.swift */,
				61AE19352535E9BC0066257B /* ViewController.swift */,
				61AE19372535E9BC0066257B /* Main.storyboard */,
				61AE193A2535E9BD0066257B /* Assets.xcassets */,
				61AE193C2535E9BD0066257B /* LaunchScreen.storyboard */,
				61AE193F2535E9BD0066257B /* Info.plist */,
				6183DABE253A7BB10011A717 /* Sounds */,
			);
			path = "Swifty Dice";
			sourceTree = "<group>";
		};
/* End PBXGroup section */

/* Begin PBXNativeTarget section */
		61AE192D2535E9BC0066257B /* Swifty Dice */ = {
			isa = PBXNativeTarget;
			buildConfigurationList = 61AE19422535E9BD0066257B /* Build configuration list for PBXNativeTarget "Swifty Dice" */;
			buildPhases = (
				61AE192A2535E9BC0066257B /* Sources */,
				61AE192B2535E9BC0066257B /* Frameworks */,
				61AE192C2535E9BC0066257B /* Resources */,
			);
			buildRules = (
			);
			dependencies = (
			);
			name = "Swifty Dice";
			productName = "Swifty Dice";
			productReference = 61AE192E2535E9BC0066257B /* Swifty Dice.app */;
			productType = "com.apple.product-type.application";
		};
/* End PBXNativeTarget section */

/* Begin PBXProject section */
		61AE19262535E9BC0066257B /* Project object */ = {
			isa = PBXProject;
			attributes = {
				LastSwiftUpdateCheck = 1200;
				LastUpgradeCheck = 1200;
				TargetAttributes = {
					61AE192D2535E9BC0066257B = {
						CreatedOnToolsVersion = 12.0.1;
					};
				};
			};
			buildConfigurationList = 61AE19292535E9BC0066257B /* Build configuration list for PBXProject "Swifty Dice" */;
			compatibilityVersion = "Xcode 9.3";
			developmentRegion = en;
			hasScannedForEncodings = 0;
			knownRegions = (
				en,
				Base,
			);
			mainGroup = 61AE19252535E9BC0066257B;
			productRefGroup = 61AE192F2535E9BC0066257B /* Products */;
			projectDirPath = "";
			projectRoot = "";
			targets = (
				61AE192D2535E9BC0066257B /* Swifty Dice */,
			);
		};
/* End PBXProject section */

/* Begin PBXResourcesBuildPhase section */
		61AE192C2535E9BC0066257B /* Resources */ = {
			isa = PBXResourcesBuildPhase;
			buildActionMask = 2147483647;
			files = (
				6183DAC1253A7BC80011A717 /* criticalhit.mp3 in Resources */,
				61AE193E2535E9BD0066257B /* LaunchScreen.storyboard in Resources */,
				6183DAC4253A7BDB0011A717 /* diceroll.wav in Resources */,
				6183DABC253A7BA00011A717 /* criticalmiss.mp3 in Resources */,
				61AE193B2535E9BD0066257B /* Assets.xcassets in Resources */,
				61AE19392535E9BC0066257B /* Main.storyboard in Resources */,
			);
			runOnlyForDeploymentPostprocessing = 0;
		};
/* End PBXResourcesBuildPhase section */

/* Begin PBXSourcesBuildPhase section */
		61AE192A2535E9BC0066257B /* Sources */ = {
			isa = PBXSourcesBuildPhase;
			buildActionMask = 2147483647;
			files = (
				61AE19362535E9BC0066257B /* ViewController.swift in Sources */,
				61AE19322535E9BC0066257B /* AppDelegate.swift in Sources */,
				61AE19342535E9BC0066257B /* SceneDelegate.swift in Sources */,
			);
			runOnlyForDeploymentPostprocessing = 0;
		};
/* End PBXSourcesBuildPhase section */

/* Begin PBXVariantGroup section */
		61AE19372535E9BC0066257B /* Main.storyboard */ = {
			isa = PBXVariantGroup;
			children = (
				61AE19382535E9BC0066257B /* Base */,
			);
			name = Main.storyboard;
			sourceTree = "<group>";
		};
		61AE193C2535E9BD0066257B /* LaunchScreen.storyboard */ = {
			isa = PBXVariantGroup;
			children = (
				61AE193D2535E9BD0066257B /* Base */,
			);
			name = LaunchScreen.storyboard;
			sourceTree = "<group>";
		};
/* End PBXVariantGroup section */

/* Begin XCBuildConfiguration section */
		61AE19402535E9BD0066257B /* Debug */ = {
			isa = XCBuildConfiguration;
			buildSettings = {
				ALWAYS_SEARCH_USER_PATHS = NO;
				CLANG_ANALYZER_NONNULL = YES;
				CLANG_ANALYZER_NUMBER_OBJECT_CONVERSION = YES_AGGRESSIVE;
				CLANG_CXX_LANGUAGE_STANDARD = "gnu++14";
				CLANG_CXX_LIBRARY = "libc++";
				CLANG_ENABLE_MODULES = YES;
				CLANG_ENABLE_OBJC_ARC = YES;
				CLANG_ENABLE_OBJC_WEAK = YES;
				CLANG_WARN_BLOCK_CAPTURE_AUTORELEASING = YES;
				CLANG_WARN_BOOL_CONVERSION = YES;
				CLANG_WARN_COMMA = YES;
				CLANG_WARN_CONSTANT_CONVERSION = YES;
				CLANG_WARN_DEPRECATED_OBJC_IMPLEMENTATIONS = YES;
				CLANG_WARN_DIRECT_OBJC_ISA_USAGE = YES_ERROR;
				CLANG_WARN_DOCUMENTATION_COMMENTS = YES;
				CLANG_WARN_EMPTY_BODY = YES;
				CLANG_WARN_ENUM_CONVERSION = YES;
				CLANG_WARN_INFINITE_RECURSION = YES;
				CLANG_WARN_INT_CONVERSION = YES;
				CLANG_WARN_NON_LITERAL_NULL_CONVERSION = YES;
				CLANG_WARN_OBJC_IMPLICIT_RETAIN_SELF = YES;
				CLANG_WARN_OBJC_LITERAL_CONVERSION = YES;
				CLANG_WARN_OBJC_ROOT_CLASS = YES_ERROR;
				CLANG_WARN_QUOTED_INCLUDE_IN_FRAMEWORK_HEADER = YES;
				CLANG_WARN_RANGE_LOOP_ANALYSIS = YES;
				CLANG_WARN_STRICT_PROTOTYPES = YES;
				CLANG_WARN_SUSPICIOUS_MOVE = YES;
				CLANG_WARN_UNGUARDED_AVAILABILITY = YES_AGGRESSIVE;
				CLANG_WARN_UNREACHABLE_CODE = YES;
				CLANG_WARN__DUPLICATE_METHOD_MATCH = YES;
				COPY_PHASE_STRIP = NO;
				DEBUG_INFORMATION_FORMAT = dwarf;
				ENABLE_STRICT_OBJC_MSGSEND = YES;
				ENABLE_TESTABILITY = YES;
				GCC_C_LANGUAGE_STANDARD = gnu11;
				GCC_DYNAMIC_NO_PIC = NO;
				GCC_NO_COMMON_BLOCKS = YES;
				GCC_OPTIMIZATION_LEVEL = 0;
				GCC_PREPROCESSOR_DEFINITIONS = (
					"DEBUG=1",
					"$(inherited)",
				);
				GCC_WARN_64_TO_32_BIT_CONVERSION = YES;
				GCC_WARN_ABOUT_RETURN_TYPE = YES_ERROR;
				GCC_WARN_UNDECLARED_SELECTOR = YES;
				GCC_WARN_UNINITIALIZED_AUTOS = YES_AGGRESSIVE;
				GCC_WARN_UNUSED_FUNCTION = YES;
				GCC_WARN_UNUSED_VARIABLE = YES;
				IPHONEOS_DEPLOYMENT_TARGET = 14.0;
				MTL_ENABLE_DEBUG_INFO = INCLUDE_SOURCE;
				MTL_FAST_MATH = YES;
				ONLY_ACTIVE_ARCH = YES;
				SDKROOT = iphoneos;
				SWIFT_ACTIVE_COMPILATION_CONDITIONS = DEBUG;
				SWIFT_OPTIMIZATION_LEVEL = "-Onone";
			};
			name = Debug;
		};
		61AE19412535E9BD0066257B /* Release */ = {
			isa = XCBuildConfiguration;
			buildSettings = {
				ALWAYS_SEARCH_USER_PATHS = NO;
				CLANG_ANALYZER_NONNULL = YES;
				CLANG_ANALYZER_NUMBER_OBJECT_CONVERSION = YES_AGGRESSIVE;
				CLANG_CXX_LANGUAGE_STANDARD = "gnu++14";
				CLANG_CXX_LIBRARY = "libc++";
				CLANG_ENABLE_MODULES = YES;
				CLANG_ENABLE_OBJC_ARC = YES;
				CLANG_ENABLE_OBJC_WEAK = YES;
				CLANG_WARN_BLOCK_CAPTURE_AUTORELEASING = YES;
				CLANG_WARN_BOOL_CONVERSION = YES;
				CLANG_WARN_COMMA = YES;
				CLANG_WARN_CONSTANT_CONVERSION = YES;
				CLANG_WARN_DEPRECATED_OBJC_IMPLEMENTATIONS = YES;
				CLANG_WARN_DIRECT_OBJC_ISA_USAGE = YES_ERROR;
				CLANG_WARN_DOCUMENTATION_COMMENTS = YES;
				CLANG_WARN_EMPTY_BODY = YES;
				CLANG_WARN_ENUM_CONVERSION = YES;
				CLANG_WARN_INFINITE_RECURSION = YES;
				CLANG_WARN_INT_CONVERSION = YES;
				CLANG_WARN_NON_LITERAL_NULL_CONVERSION = YES;
				CLANG_WARN_OBJC_IMPLICIT_RETAIN_SELF = YES;
				CLANG_WARN_OBJC_LITERAL_CONVERSION = YES;
				CLANG_WARN_OBJC_ROOT_CLASS = YES_ERROR;
				CLANG_WARN_QUOTED_INCLUDE_IN_FRAMEWORK_HEADER = YES;
				CLANG_WARN_RANGE_LOOP_ANALYSIS = YES;
				CLANG_WARN_STRICT_PROTOTYPES = YES;
				CLANG_WARN_SUSPICIOUS_MOVE = YES;
				CLANG_WARN_UNGUARDED_AVAILABILITY = YES_AGGRESSIVE;
				CLANG_WARN_UNREACHABLE_CODE = YES;
				CLANG_WARN__DUPLICATE_METHOD_MATCH = YES;
				COPY_PHASE_STRIP = NO;
				DEBUG_INFORMATION_FORMAT = "dwarf-with-dsym";
				ENABLE_NS_ASSERTIONS = NO;
				ENABLE_STRICT_OBJC_MSGSEND = YES;
				GCC_C_LANGUAGE_STANDARD = gnu11;
				GCC_NO_COMMON_BLOCKS = YES;
				GCC_WARN_64_TO_32_BIT_CONVERSION = YES;
				GCC_WARN_ABOUT_RETURN_TYPE = YES_ERROR;
				GCC_WARN_UNDECLARED_SELECTOR = YES;
				GCC_WARN_UNINITIALIZED_AUTOS = YES_AGGRESSIVE;
				GCC_WARN_UNUSED_FUNCTION = YES;
				GCC_WARN_UNUSED_VARIABLE = YES;
				IPHONEOS_DEPLOYMENT_TARGET = 14.0;
				MTL_ENABLE_DEBUG_INFO = NO;
				MTL_FAST_MATH = YES;
				SDKROOT = iphoneos;
				SWIFT_COMPILATION_MODE = wholemodule;
				SWIFT_OPTIMIZATION_LEVEL = "-O";
				VALIDATE_PRODUCT = YES;
			};
			name = Release;
		};
		61AE19432535E9BD0066257B /* Debug */ = {
			isa = XCBuildConfiguration;
			buildSettings = {
				ASSETCATALOG_COMPILER_APPICON_NAME = AppIcon;
				ASSETCATALOG_COMPILER_GLOBAL_ACCENT_COLOR_NAME = AccentColor;
				CODE_SIGN_STYLE = Automatic;
				DEVELOPMENT_TEAM = Y6U2ZVMFW7;
				INFOPLIST_FILE = "Swifty Dice/Info.plist";
				LD_RUNPATH_SEARCH_PATHS = (
					"$(inherited)",
					"@executable_path/Frameworks",
				);
				PRODUCT_BUNDLE_IDENTIFIER = "com.ckk16a.Swifty-Dice";
				PRODUCT_NAME = "$(TARGET_NAME)";
				SWIFT_VERSION = 5.0;
				TARGETED_DEVICE_FAMILY = "1,2";
			};
			name = Debug;
		};
		61AE19442535E9BD0066257B /* Release */ = {
			isa = XCBuildConfiguration;
			buildSettings = {
				ASSETCATALOG_COMPILER_APPICON_NAME = AppIcon;
				ASSETCATALOG_COMPILER_GLOBAL_ACCENT_COLOR_NAME = AccentColor;
				CODE_SIGN_STYLE = Automatic;
				DEVELOPMENT_TEAM = Y6U2ZVMFW7;
				INFOPLIST_FILE = "Swifty Dice/Info.plist";
				LD_RUNPATH_SEARCH_PATHS = (
					"$(inherited)",
					"@executable_path/Frameworks",
				);
				PRODUCT_BUNDLE_IDENTIFIER = "com.ckk16a.Swifty-Dice";
				PRODUCT_NAME = "$(TARGET_NAME)";
				SWIFT_VERSION = 5.0;
				TARGETED_DEVICE_FAMILY = "1,2";
			};
			name = Release;
		};
/* End XCBuildConfiguration section */

/* Begin XCConfigurationList section */
		61AE19292535E9BC0066257B /* Build configuration list for PBXProject "Swifty Dice" */ = {
			isa = XCConfigurationList;
			buildConfigurations = (
				61AE19402535E9BD0066257B /* Debug */,
				61AE19412535E9BD0066257B /* Release */,
			);
			defaultConfigurationIsVisible = 0;
			defaultConfigurationName = Release;
		};
		61AE19422535E9BD0066257B /* Build configuration list for PBXNativeTarget "Swifty Dice" */ = {
			isa = XCConfigurationList;
			buildConfigurations = (
				61AE19432535E9BD0066257B /* Debug */,
				61AE19442535E9BD0066257B /* Release */,
			);
			defaultConfigurationIsVisible = 0;
			defaultConfigurationName = Release;
		};
/* End XCConfigurationList section */
	};
	rootObject = 61AE19262535E9BC0066257B /* Project object */;
}
